{
	"name": "hello-uniapp",
	"version": "3.4.5",
	"lockfileVersion": 3,
	"requires": true,
	"packages": {
		"": {
			"name": "hello-uniapp",
			"version": "3.4.5",
			"license": "MIT",
			"dependencies": {
				"@dcloudio/uni-app": "^2.0.2-4010520240507001",
				"@dcloudio/uni-app-plus": "^2.0.2-4010520240507001",
				"@dcloudio/uni-stat": "^2.0.2-4010520240507001",
				"dayjs": "^1.11.10",
				"lodash": "^4.17.21"
			}
		},
		"node_modules/@dcloudio/types": {
			"version": "3.4.8",
			"resolved": "https://registry.npmmirror.com/@dcloudio/types/-/types-3.4.8.tgz",
			"integrity": "sha512-IPXuoghLv7qNPOnRuP7vC5++MdRHhE0U7EMw9ia//uOh69fFXZiRTfoHd51+nzciD6R50gqYhbrCCZIxnxhM9Q==",
			"peer": true
		},
		"node_modules/@dcloudio/uni-app": {
			"version": "2.0.2-4010520240507001",
			"resolved": "https://registry.npmmirror.com/@dcloudio/uni-app/-/uni-app-2.0.2-4010520240507001.tgz",
			"integrity": "sha512-kZKFwurhyJORZeUu843EnHeBhZfs/H6ZKGkBlH6WLaLw3SIKHqyopeyrFefmizWsxRUoE2aSUH7LszKZzoX78w==",
			"peerDependencies": {
				"@dcloudio/types": "^3.0.15",
				"@vue/composition-api": "^1.7.0"
			}
		},
		"node_modules/@dcloudio/uni-app-plus": {
			"version": "2.0.2-4010520240507001",
			"resolved": "https://registry.npmmirror.com/@dcloudio/uni-app-plus/-/uni-app-plus-2.0.2-4010520240507001.tgz",
			"integrity": "sha512-daU7d3bHJTNeq5nsrCilLK1d//Un2LvZksJDtx4LcA1aGM1aBnzLTD60K+fFM6ybHf7NFFzl7X7FG323AMEMxA=="
		},
		"node_modules/@dcloudio/uni-stat": {
			"version": "2.0.2-4010520240507001",
			"resolved": "https://registry.npmmirror.com/@dcloudio/uni-stat/-/uni-stat-2.0.2-4010520240507001.tgz",
			"integrity": "sha512-cbwNIG4oDZXNIIKKfs5kNrMKcNqAofR/2wtagqkMEmABNfcKZL/BGdfZBZeKOYlkQfCq5o76/HwLK/65P4iNog=="
		},
		"node_modules/@vue/composition-api": {
			"version": "1.7.2",
			"resolved": "https://registry.npmmirror.com/@vue/composition-api/-/composition-api-1.7.2.tgz",
			"integrity": "sha512-M8jm9J/laYrYT02665HkZ5l2fWTK4dcVg3BsDHm/pfz+MjDYwX+9FUaZyGwEyXEDonQYRCo0H7aLgdklcIELjw==",
			"peer": true,
			"peerDependencies": {
				"vue": ">= 2.5 < 2.7"
			}
		},
		"node_modules/dayjs": {
			"version": "1.11.10",
			"resolved": "https://registry.npmjs.org/dayjs/-/dayjs-1.11.10.tgz",
			"integrity": "sha512-vjAczensTgRcqDERK0SR2XMwsF/tSvnvlv6VcF2GIhg6Sx4yOIt/irsr1RDJsKiIyBzJDpCoXiWWq28MqH2cnQ=="
		},
		"node_modules/lodash": {
			"version": "4.17.21",
			"resolved": "https://registry.npmjs.org/lodash/-/lodash-4.17.21.tgz",
			"integrity": "sha512-v2kDEe57lecTulaDIuNTPy3Ry4gLGJ6Z1O3vE1krgXZNrsQ+LFTGHVxVjcXPs17LhbZVGedAJv8XZ1tvj5FvSg=="
		},
		"node_modules/vue": {
			"version": "2.6.14",
			"resolved": "https://registry.npmmirror.com/vue/-/vue-2.6.14.tgz",
			"integrity": "sha512-x2284lgYvjOMj3Za7kqzRcUSxBboHqtgRE2zlos1qWaOye5yUmHn42LB1250NJBLRwEcdrB0JRwyPTEPhfQjiQ==",
			"deprecated": "Vue 2 has reached EOL and is no longer actively maintained. See https://v2.vuejs.org/eol/ for more details.",
			"peer": true
		}
	}
}
